github.com/joho/godotenv v1.4.0 h1:3l4+N6zfMWnkbPEXKng2o2/MR5mSwTrBih4ZEkkz1lg=
github.com/joho/godotenv v1.4.0/go.mod h1:f4LDr5Voq0i2e/R5DDNOoa2zzDfwtkZa6DnEwAbqwq4=
github.com/mackerelio/go-osstat v0.2.2 h1:7jVyXGXTkQL3+6lDVUDBY+Fpo8VQPfyOkZeXxxsXX4c=
github.com/mackerelio/go-osstat v0.2.2/go.mod h1:G2A1f01HIHVRhMdS1qnigXxS6C8ahppy5lCwBrbRp0s=
